
Microsoft Visual Studio Solution File, Format Version 12.00
# Visual Studio Version 16
VisualStudioVersion = 16.0.30611.23
MinimumVisualStudioVersion = 10.0.40219.1
Project("{9A19103F-16F7-4668-BE54-9A1E7A4F7556}") = "Domain", "Domain\Domain.csproj", "{0F03E4FD-88D4-4183-B452-D80729BD6B6D}"
EndProject
Project("{9A19103F-16F7-4668-BE54-9A1E7A4F7556}") = "Service", "Service\Service.csproj", "{12455E70-D95B-4742-9586-52AFC33E1B99}"
EndProject
Project("{9A19103F-16F7-4668-BE54-9A1E7A4F7556}") = "Util", "Util\Util.csproj", "{9C357678-6D4A-492B-BA3F-39CF9B9620D1}"
EndProject
Project("{9A19103F-16F7-4668-BE54-9A1E7A4F7556}") = "Api.Core", "Api.Core\Api.Core.csproj", "{2A930C00-F6F5-4FE9-B375-3086CBF00610}"
EndProject
Project("{9A19103F-16F7-4668-BE54-9A1E7A4F7556}") = "Data.Core", "Data.Core\Data.Core.csproj", "{DB417139-5029-45CB-87B5-CE45164325E1}"
EndProject
Global
	GlobalSection(SolutionConfigurationPlatforms) = preSolution
		Debug|Any CPU = Debug|Any CPU
		Release|Any CPU = Release|Any CPU
	EndGlobalSection
	GlobalSection(ProjectConfigurationPlatforms) = postSolution
		{0F03E4FD-88D4-4183-B452-D80729BD6B6D}.Debug|Any CPU.ActiveCfg = Debug|Any CPU
		{0F03E4FD-88D4-4183-B452-D80729BD6B6D}.Debug|Any CPU.Build.0 = Debug|Any CPU
		{0F03E4FD-88D4-4183-B452-D80729BD6B6D}.Release|Any CPU.ActiveCfg = Release|Any CPU
		{0F03E4FD-88D4-4183-B452-D80729BD6B6D}.Release|Any CPU.Build.0 = Release|Any CPU
		{12455E70-D95B-4742-9586-52AFC33E1B99}.Debug|Any CPU.ActiveCfg = Debug|Any CPU
		{12455E70-D95B-4742-9586-52AFC33E1B99}.Debug|Any CPU.Build.0 = Debug|Any CPU
		{12455E70-D95B-4742-9586-52AFC33E1B99}.Release|Any CPU.ActiveCfg = Release|Any CPU
		{12455E70-D95B-4742-9586-52AFC33E1B99}.Release|Any CPU.Build.0 = Release|Any CPU
		{9C357678-6D4A-492B-BA3F-39CF9B9620D1}.Debug|Any CPU.ActiveCfg = Debug|Any CPU
		{9C357678-6D4A-492B-BA3F-39CF9B9620D1}.Debug|Any CPU.Build.0 = Debug|Any CPU
		{9C357678-6D4A-492B-BA3F-39CF9B9620D1}.Release|Any CPU.ActiveCfg = Release|Any CPU
		{9C357678-6D4A-492B-BA3F-39CF9B9620D1}.Release|Any CPU.Build.0 = Release|Any CPU
		{2A930C00-F6F5-4FE9-B375-3086CBF00610}.Debug|Any CPU.ActiveCfg = Debug|Any CPU
		{2A930C00-F6F5-4FE9-B375-3086CBF00610}.Debug|Any CPU.Build.0 = Debug|Any CPU
		{2A930C00-F6F5-4FE9-B375-3086CBF00610}.Release|Any CPU.ActiveCfg = Release|Any CPU
		{2A930C00-F6F5-4FE9-B375-3086CBF00610}.Release|Any CPU.Build.0 = Release|Any CPU
		{DB417139-5029-45CB-87B5-CE45164325E1}.Debug|Any CPU.ActiveCfg = Debug|Any CPU
		{DB417139-5029-45CB-87B5-CE45164325E1}.Debug|Any CPU.Build.0 = Debug|Any CPU
		{DB417139-5029-45CB-87B5-CE45164325E1}.Release|Any CPU.ActiveCfg = Release|Any CPU
		{DB417139-5029-45CB-87B5-CE45164325E1}.Release|Any CPU.Build.0 = Release|Any CPU
	EndGlobalSection
	GlobalSection(SolutionProperties) = preSolution
		HideSolutionNode = FALSE
	EndGlobalSection
	GlobalSection(ExtensibilityGlobals) = postSolution
		SolutionGuid = {5AD169FC-33D8-463D-BEFA-7605375AF9B7}
	EndGlobalSection
EndGlobal
